
Microsoft Visual Studio Solution File, Format Version 12.00
# Visual Studio Version 17
VisualStudioVersion = 17.1.32210.238
MinimumVisualStudioVersion = 10.0.40219.1
Project("{9A19103F-16F7-4668-BE54-9A1E7A4F7556}") = "CsharpStudy", "CsharpStudy\CsharpStudy.csproj", "{63738E4C-287F-4A97-AD0C-47EBD10E98B3}"
EndProject
Project("{9A19103F-16F7-4668-BE54-9A1E7A4F7556}") = "Csharp", "CsharpBit\Csharp.csproj", "{5A6769E8-B604-43E8-914B-71BC19E828D5}"
EndProject
Global
	GlobalSection(SolutionConfigurationPlatforms) = preSolution
		Debug|Any CPU = Debug|Any CPU
		Release|Any CPU = Release|Any CPU
	EndGlobalSection
	GlobalSection(ProjectConfigurationPlatforms) = postSolution
		{63738E4C-287F-4A97-AD0C-47EBD10E98B3}.Debug|Any CPU.ActiveCfg = Debug|Any CPU
		{63738E4C-287F-4A97-AD0C-47EBD10E98B3}.Debug|Any CPU.Build.0 = Debug|Any CPU
		{63738E4C-287F-4A97-AD0C-47EBD10E98B3}.Release|Any CPU.ActiveCfg = Release|Any CPU
		{63738E4C-287F-4A97-AD0C-47EBD10E98B3}.Release|Any CPU.Build.0 = Release|Any CPU
		{5A6769E8-B604-43E8-914B-71BC19E828D5}.Debug|Any CPU.ActiveCfg = Debug|Any CPU
		{5A6769E8-B604-43E8-914B-71BC19E828D5}.Debug|Any CPU.Build.0 = Debug|Any CPU
		{5A6769E8-B604-43E8-914B-71BC19E828D5}.Release|Any CPU.ActiveCfg = Release|Any CPU
		{5A6769E8-B604-43E8-914B-71BC19E828D5}.Release|Any CPU.Build.0 = Release|Any CPU
	EndGlobalSection
	GlobalSection(SolutionProperties) = preSolution
		HideSolutionNode = FALSE
	EndGlobalSection
	GlobalSection(ExtensibilityGlobals) = postSolution
		SolutionGuid = {DA087D9E-6D24-45DC-A119-DCB008711B18}
	EndGlobalSection
EndGlobal
