
Microsoft Visual Studio Solution File, Format Version 12.00
# Visual Studio Version 16
VisualStudioVersion = 16.0.31205.134
MinimumVisualStudioVersion = 10.0.40219.1
Project("{FAE04EC0-301F-11D3-BF4B-00C04F79EFBC}") = "CsharpStudy", "CsharpStudy\CsharpStudy.csproj", "{63738E4C-287F-4A97-AD0C-47EBD10E98B3}"
EndProject
Global
	GlobalSection(SolutionConfigurationPlatforms) = preSolution
		Debug|Any CPU = Debug|Any CPU
		Release|Any CPU = Release|Any CPU
	EndGlobalSection
	GlobalSection(ProjectConfigurationPlatforms) = postSolution
		{63738E4C-287F-4A97-AD0C-47EBD10E98B3}.Debug|Any CPU.ActiveCfg = Debug|Any CPU
		{63738E4C-287F-4A97-AD0C-47EBD10E98B3}.Debug|Any CPU.Build.0 = Debug|Any CPU
		{63738E4C-287F-4A97-AD0C-47EBD10E98B3}.Release|Any CPU.ActiveCfg = Release|Any CPU
		{63738E4C-287F-4A97-AD0C-47EBD10E98B3}.Release|Any CPU.Build.0 = Release|Any CPU
	EndGlobalSection
	GlobalSection(SolutionProperties) = preSolution
		HideSolutionNode = FALSE
	EndGlobalSection
	GlobalSection(ExtensibilityGlobals) = postSolution
		SolutionGuid = {DA087D9E-6D24-45DC-A119-DCB008711B18}
	EndGlobalSection
EndGlobal
